# This file is autogenerated, do not edit; changes may be undone by the next 'dep ensure'.


[[projects]]
  name = "github.com/ericchiang/k8s"
  packages = [".","api/resource","api/unversioned","api/v1","apis/apps/v1alpha1","apis/apps/v1beta1","apis/authentication/v1","apis/authentication/v1beta1","apis/authorization/v1","apis/authorization/v1beta1","apis/autoscaling/v1","apis/autoscaling/v2alpha1","apis/batch/v1","apis/batch/v2alpha1","apis/certificates/v1alpha1","apis/certificates/v1beta1","apis/extensions/v1beta1","apis/imagepolicy/v1alpha1","apis/meta/v1","apis/policy/v1alpha1","apis/policy/v1beta1","apis/rbac/v1alpha1","apis/rbac/v1beta1","apis/settings/v1alpha1","apis/storage/v1","apis/storage/v1beta1","runtime","runtime/schema","util/intstr","watch/versioned"]
  revision = "68b0248f880c5967d1ba7166486cb216af849b15"
  version = "v0.4.0"

[[projects]]
  branch = "master"
  name = "github.com/golang/protobuf"
  packages = ["proto"]
  revision = "1643683e1b54a9e88ad26d98f81400c8c9d9f4f9"

[[projects]]
  branch = "master"
  name = "golang.org/x/net"
  packages = ["http2","http2/hpack","idna","lex/httplex"]
  revision = "a337091b0525af65de94df2eb7e98bd9962dcbe2"

[[projects]]
  branch = "master"
  name = "golang.org/x/text"
  packages = ["collate","collate/build","internal/colltab","internal/gen","internal/tag","internal/triegen","internal/ucd","language","secure/bidirule","transform","unicode/bidi","unicode/cldr","unicode/norm","unicode/rangetable"]
  revision = "88f656faf3f37f690df1a32515b479415e1a6769"

[[projects]]
  branch = "master"
  name = "golang.org/x/tools"
  packages = ["go/ast/astutil","go/buildutil","go/loader"]
  revision = "05e91d06384e3a4eb0aba75560d254b8d5a7b431"

[solve-meta]
  analyzer-name = "dep"
  analyzer-version = 1
  inputs-digest = "ef0edccd54b732be92f50471812dba2be34a2a874e90af7eb3ab25960a365803"
  solver-name = "gps-cdcl"
  solver-version = 1
